
Microsoft Visual Studio Solution File, Format Version 12.00
# Visual Studio Version 17
VisualStudioVersion = 17.2.32526.322
MinimumVisualStudioVersion = 10.0.40219.1
Project("{2150E333-8FDC-42A3-9474-1A3956D46DE8}") = "1. Services", "1. Services", "{42646C9B-90BE-4C34-9339-1904B07B1EB2}"
EndProject
Project("{2150E333-8FDC-42A3-9474-1A3956D46DE8}") = "2. Aplication", "2. Aplication", "{053D7DDF-A32E-4F54-826D-3A31E00E608B}"
EndProject
Project("{2150E333-8FDC-42A3-9474-1A3956D46DE8}") = "3. Domain", "3. Domain", "{8A56E30D-75CE-4F70-BE80-D4E1AC21D1F3}"
EndProject
Project("{2150E333-8FDC-42A3-9474-1A3956D46DE8}") = "4. DataAccess", "4. DataAccess", "{9F15C30F-A229-42C7-8CB1-3E0F6C5324FD}"
EndProject
Project("{2150E333-8FDC-42A3-9474-1A3956D46DE8}") = "5. Entities", "5. Entities", "{3472B561-22EF-45C9-8000-2BA4927ACF39}"
EndProject
Project("{9A19103F-16F7-4668-BE54-9A1E7A4F7556}") = "Ch.Kpi.Containers.Api", "Ch.Kpi.Containers.Api\Ch.Kpi.Containers.Api.csproj", "{3EE3D61A-CD56-4B1D-BE0F-60AC49C018C0}"
EndProject
Project("{9A19103F-16F7-4668-BE54-9A1E7A4F7556}") = "Ch.Kpi.Containers.Aplication", "Ch.Kpi.Containers.Aplication\Ch.Kpi.Containers.Aplication.csproj", "{88091EBB-17A5-4FD8-9839-B226DCB93580}"
EndProject
Project("{9A19103F-16F7-4668-BE54-9A1E7A4F7556}") = "Ch.Kpi.Containers.Domain", "Ch.Kpi.Containers.Domain\Ch.Kpi.Containers.Domain.csproj", "{D0CA8263-BB21-48EA-A6DF-5E490C02A176}"
EndProject
Project("{9A19103F-16F7-4668-BE54-9A1E7A4F7556}") = "Ch.Kpi.Containers.DataAccess", "Ch.Kpi.Containers.DataAccess\Ch.Kpi.Containers.DataAccess.csproj", "{AD2CC2D3-D262-4528-8939-57BA33FAD394}"
EndProject
Project("{9A19103F-16F7-4668-BE54-9A1E7A4F7556}") = "Ch.Kpi.Containers.Entities", "Ch.Kpi.Containers.Entities\Ch.Kpi.Containers.Entities.csproj", "{13084CD1-0857-44AB-B823-9E1211C63789}"
EndProject
Project("{2150E333-8FDC-42A3-9474-1A3956D46DE8}") = "6. Test", "6. Test", "{1E62DCE0-29B0-4CF9-85E6-12246EB38064}"
EndProject
Project("{FAE04EC0-301F-11D3-BF4B-00C04F79EFBC}") = "Ch.Kpi.Containers.DataAccess.Test", "Ch.Kpi.Containers.DataAccess.Test\Ch.Kpi.Containers.DataAccess.Test.csproj", "{166A8315-BEDA-4884-9B9A-C30F6E5852CD}"
EndProject
Global
	GlobalSection(SolutionConfigurationPlatforms) = preSolution
		Debug|Any CPU = Debug|Any CPU
		Release|Any CPU = Release|Any CPU
	EndGlobalSection
	GlobalSection(ProjectConfigurationPlatforms) = postSolution
		{3EE3D61A-CD56-4B1D-BE0F-60AC49C018C0}.Debug|Any CPU.ActiveCfg = Debug|Any CPU
		{3EE3D61A-CD56-4B1D-BE0F-60AC49C018C0}.Debug|Any CPU.Build.0 = Debug|Any CPU
		{3EE3D61A-CD56-4B1D-BE0F-60AC49C018C0}.Release|Any CPU.ActiveCfg = Release|Any CPU
		{3EE3D61A-CD56-4B1D-BE0F-60AC49C018C0}.Release|Any CPU.Build.0 = Release|Any CPU
		{88091EBB-17A5-4FD8-9839-B226DCB93580}.Debug|Any CPU.ActiveCfg = Debug|Any CPU
		{88091EBB-17A5-4FD8-9839-B226DCB93580}.Debug|Any CPU.Build.0 = Debug|Any CPU
		{88091EBB-17A5-4FD8-9839-B226DCB93580}.Release|Any CPU.ActiveCfg = Release|Any CPU
		{88091EBB-17A5-4FD8-9839-B226DCB93580}.Release|Any CPU.Build.0 = Release|Any CPU
		{D0CA8263-BB21-48EA-A6DF-5E490C02A176}.Debug|Any CPU.ActiveCfg = Debug|Any CPU
		{D0CA8263-BB21-48EA-A6DF-5E490C02A176}.Debug|Any CPU.Build.0 = Debug|Any CPU
		{D0CA8263-BB21-48EA-A6DF-5E490C02A176}.Release|Any CPU.ActiveCfg = Release|Any CPU
		{D0CA8263-BB21-48EA-A6DF-5E490C02A176}.Release|Any CPU.Build.0 = Release|Any CPU
		{AD2CC2D3-D262-4528-8939-57BA33FAD394}.Debug|Any CPU.ActiveCfg = Debug|Any CPU
		{AD2CC2D3-D262-4528-8939-57BA33FAD394}.Debug|Any CPU.Build.0 = Debug|Any CPU
		{AD2CC2D3-D262-4528-8939-57BA33FAD394}.Release|Any CPU.ActiveCfg = Release|Any CPU
		{AD2CC2D3-D262-4528-8939-57BA33FAD394}.Release|Any CPU.Build.0 = Release|Any CPU
		{13084CD1-0857-44AB-B823-9E1211C63789}.Debug|Any CPU.ActiveCfg = Debug|Any CPU
		{13084CD1-0857-44AB-B823-9E1211C63789}.Debug|Any CPU.Build.0 = Debug|Any CPU
		{13084CD1-0857-44AB-B823-9E1211C63789}.Release|Any CPU.ActiveCfg = Release|Any CPU
		{13084CD1-0857-44AB-B823-9E1211C63789}.Release|Any CPU.Build.0 = Release|Any CPU
		{166A8315-BEDA-4884-9B9A-C30F6E5852CD}.Debug|Any CPU.ActiveCfg = Debug|Any CPU
		{166A8315-BEDA-4884-9B9A-C30F6E5852CD}.Debug|Any CPU.Build.0 = Debug|Any CPU
		{166A8315-BEDA-4884-9B9A-C30F6E5852CD}.Release|Any CPU.ActiveCfg = Release|Any CPU
		{166A8315-BEDA-4884-9B9A-C30F6E5852CD}.Release|Any CPU.Build.0 = Release|Any CPU
	EndGlobalSection
	GlobalSection(SolutionProperties) = preSolution
		HideSolutionNode = FALSE
	EndGlobalSection
	GlobalSection(NestedProjects) = preSolution
		{3EE3D61A-CD56-4B1D-BE0F-60AC49C018C0} = {42646C9B-90BE-4C34-9339-1904B07B1EB2}
		{88091EBB-17A5-4FD8-9839-B226DCB93580} = {053D7DDF-A32E-4F54-826D-3A31E00E608B}
		{D0CA8263-BB21-48EA-A6DF-5E490C02A176} = {8A56E30D-75CE-4F70-BE80-D4E1AC21D1F3}
		{AD2CC2D3-D262-4528-8939-57BA33FAD394} = {9F15C30F-A229-42C7-8CB1-3E0F6C5324FD}
		{13084CD1-0857-44AB-B823-9E1211C63789} = {3472B561-22EF-45C9-8000-2BA4927ACF39}
		{166A8315-BEDA-4884-9B9A-C30F6E5852CD} = {1E62DCE0-29B0-4CF9-85E6-12246EB38064}
	EndGlobalSection
	GlobalSection(ExtensibilityGlobals) = postSolution
		SolutionGuid = {BAE952BE-72E2-416F-86C7-ABE9975CB3C8}
	EndGlobalSection
EndGlobal
